// !$*UTF8*$!
{
	archiveVersion = 1;
	classes = {
	};
	objectVersion = 55;
	objects = {

/* Begin PBXBuildFile section */
		5ECFD662286EB88F00A401F3 /* AppDelegate.swift in Sources */ = {isa = PBXBuildFile; fileRef = 5ECFD661286EB88F00A401F3 /* AppDelegate.swift */; };
		5ECFD664286EB88F00A401F3 /* SceneDelegate.swift in Sources */ = {isa = PBXBuildFile; fileRef = 5ECFD663286EB88F00A401F3 /* SceneDelegate.swift */; };
		5ECFD666286EB88F00A401F3 /* ViewController.swift in Sources */ = {isa = PBXBuildFile; fileRef = 5ECFD665286EB88F00A401F3 /* ViewController.swift */; };
		5ECFD669286EB88F00A401F3 /* Main.storyboard in Resources */ = {isa = PBXBuildFile; fileRef = 5ECFD667286EB88F00A401F3 /* Main.storyboard */; };
		5ECFD66B286EB89200A401F3 /* Assets.xcassets in Resources */ = {isa = PBXBuildFile; fileRef = 5ECFD66A286EB89200A401F3 /* Assets.xcassets */; };
		5ECFD66E286EB89200A401F3 /* LaunchScreen.storyboard in Resources */ = {isa = PBXBuildFile; fileRef = 5ECFD66C286EB89200A401F3 /* LaunchScreen.storyboard */; };
		5ECFD679286EB89200A401F3 /* FinalProject2_LoginTests.swift in Sources */ = {isa = PBXBuildFile; fileRef = 5ECFD678286EB89200A401F3 /* FinalProject2_LoginTests.swift */; };
		5ECFD683286EB89300A401F3 /* FinalProject2_LoginUITests.swift in Sources */ = {isa = PBXBuildFile; fileRef = 5ECFD682286EB89300A401F3 /* FinalProject2_LoginUITests.swift */; };
		5ECFD685286EB89300A401F3 /* FinalProject2_LoginUITestsLaunchTests.swift in Sources */ = {isa = PBXBuildFile; fileRef = 5ECFD684286EB89300A401F3 /* FinalProject2_LoginUITestsLaunchTests.swift */; };
/* End PBXBuildFile section */

/* Begin PBXContainerItemProxy section */
		5ECFD675286EB89200A401F3 /* PBXContainerItemProxy */ = {
			isa = PBXContainerItemProxy;
			containerPortal = 5ECFD656286EB88F00A401F3 /* Project object */;
			proxyType = 1;
			remoteGlobalIDString = 5ECFD65D286EB88F00A401F3;
			remoteInfo = FinalProject2_Login;
		};
		5ECFD67F286EB89300A401F3 /* PBXContainerItemProxy */ = {
			isa = PBXContainerItemProxy;
			containerPortal = 5ECFD656286EB88F00A401F3 /* Project object */;
			proxyType = 1;
			remoteGlobalIDString = 5ECFD65D286EB88F00A401F3;
			remoteInfo = FinalProject2_Login;
		};
/* End PBXContainerItemProxy section */

/* Begin PBXFileReference section */
		5ECFD65E286EB88F00A401F3 /* FinalProject2_Login.app */ = {isa = PBXFileReference; explicitFileType = wrapper.application; includeInIndex = 0; path = FinalProject2_Login.app; sourceTree = BUILT_PRODUCTS_DIR; };
		5ECFD661286EB88F00A401F3 /* AppDelegate.swift */ = {isa = PBXFileReference; lastKnownFileType = sourcecode.swift; path = AppDelegate.swift; sourceTree = "<group>"; };
		5ECFD663286EB88F00A401F3 /* SceneDelegate.swift */ = {isa = PBXFileReference; lastKnownFileType = sourcecode.swift; path = SceneDelegate.swift; sourceTree = "<group>"; };
		5ECFD665286EB88F00A401F3 /* ViewController.swift */ = {isa = PBXFileReference; lastKnownFileType = sourcecode.swift; path = ViewController.swift; sourceTree = "<group>"; };
		5ECFD668286EB88F00A401F3 /* Base */ = {isa = PBXFileReference; lastKnownFileType = file.storyboard; name = Base; path = Base.lproj/Main.storyboard; sourceTree = "<group>"; };
		5ECFD66A286EB89200A401F3 /* Assets.xcassets */ = {isa = PBXFileReference; lastKnownFileType = folder.assetcatalog; path = Assets.xcassets; sourceTree = "<group>"; };
		5ECFD66D286EB89200A401F3 /* Base */ = {isa = PBXFileReference; lastKnownFileType = file.storyboard; name = Base; path = Base.lproj/LaunchScreen.storyboard; sourceTree = "<group>"; };
		5ECFD66F286EB89200A401F3 /* Info.plist */ = {isa = PBXFileReference; lastKnownFileType = text.plist.xml; path = Info.plist; sourceTree = "<group>"; };
		5ECFD674286EB89200A401F3 /* FinalProject2_LoginTests.xctest */ = {isa = PBXFileReference; explicitFileType = wrapper.cfbundle; includeInIndex = 0; path = FinalProject2_LoginTests.xctest; sourceTree = BUILT_PRODUCTS_DIR; };
		5ECFD678286EB89200A401F3 /* FinalProject2_LoginTests.swift */ = {isa = PBXFileReference; lastKnownFileType = sourcecode.swift; path = FinalProject2_LoginTests.swift; sourceTree = "<group>"; };
		5ECFD67E286EB89300A401F3 /* FinalProject2_LoginUITests.xctest */ = {isa = PBXFileReference; explicitFileType = wrapper.cfbundle; includeInIndex = 0; path = FinalProject2_LoginUITests.xctest; sourceTree = BUILT_PRODUCTS_DIR; };
		5ECFD682286EB89300A401F3 /* FinalProject2_LoginUITests.swift */ = {isa = PBXFileReference; lastKnownFileType = sourcecode.swift; path = FinalProject2_LoginUITests.swift; sourceTree = "<group>"; };
		5ECFD684286EB89300A401F3 /* FinalProject2_LoginUITestsLaunchTests.swift */ = {isa = PBXFileReference; lastKnownFileType = sourcecode.swift; path = FinalProject2_LoginUITestsLaunchTests.swift; sourceTree = "<group>"; };
/* End PBXFileReference section */

/* Begin PBXFrameworksBuildPhase section */
		5ECFD65B286EB88F00A401F3 /* Frameworks */ = {
			isa = PBXFrameworksBuildPhase;
			buildActionMask = 2147483647;
			files = (
			);
			runOnlyForDeploymentPostprocessing = 0;
		};
		5ECFD671286EB89200A401F3 /* Frameworks */ = {
			isa = PBXFrameworksBuildPhase;
			buildActionMask = 2147483647;
			files = (
			);
			runOnlyForDeploymentPostprocessing = 0;
		};
		5ECFD67B286EB89300A401F3 /* Frameworks */ = {
			isa = PBXFrameworksBuildPhase;
			buildActionMask = 2147483647;
			files = (
			);
			runOnlyForDeploymentPostprocessing = 0;
		};
/* End PBXFrameworksBuildPhase section */

/* Begin PBXGroup section */
		5ECFD655286EB88F00A401F3 = {
			isa = PBXGroup;
			children = (
				5ECFD660286EB88F00A401F3 /* FinalProject2_Login */,
				5ECFD677286EB89200A401F3 /* FinalProject2_LoginTests */,
				5ECFD681286EB89300A401F3 /* FinalProject2_LoginUITests */,
				5ECFD65F286EB88F00A401F3 /* Products */,
			);
			sourceTree = "<group>";
		};
		5ECFD65F286EB88F00A401F3 /* Products */ = {
			isa = PBXGroup;
			children = (
				5ECFD65E286EB88F00A401F3 /* FinalProject2_Login.app */,
				5ECFD674286EB89200A401F3 /* FinalProject2_LoginTests.xctest */,
				5ECFD67E286EB89300A401F3 /* FinalProject2_LoginUITests.xctest */,
			);
			name = Products;
			sourceTree = "<group>";
		};
		5ECFD660286EB88F00A401F3 /* FinalProject2_Login */ = {
			isa = PBXGroup;
			children = (
				5ECFD661286EB88F00A401F3 /* AppDelegate.swift */,
				5ECFD663286EB88F00A401F3 /* SceneDelegate.swift */,
				5ECFD665286EB88F00A401F3 /* ViewController.swift */,
				5ECFD667286EB88F00A401F3 /* Main.storyboard */,
				5ECFD66A286EB89200A401F3 /* Assets.xcassets */,
				5ECFD66C286EB89200A401F3 /* LaunchScreen.storyboard */,
				5ECFD66F286EB89200A401F3 /* Info.plist */,
			);
			path = FinalProject2_Login;
			sourceTree = "<group>";
		};
		5ECFD677286EB89200A401F3 /* FinalProject2_LoginTests */ = {
			isa = PBXGroup;
			children = (
				5ECFD678286EB89200A401F3 /* FinalProject2_LoginTests.swift */,
			);
			path = FinalProject2_LoginTests;
			sourceTree = "<group>";
		};
		5ECFD681286EB89300A401F3 /* FinalProject2_LoginUITests */ = {
			isa = PBXGroup;
			children = (
				5ECFD682286EB89300A401F3 /* FinalProject2_LoginUITests.swift */,
				5ECFD684286EB89300A401F3 /* FinalProject2_LoginUITestsLaunchTests.swift */,
			);
			path = FinalProject2_LoginUITests;
			sourceTree = "<group>";
		};
/* End PBXGroup section */

/* Begin PBXNativeTarget section */
		5ECFD65D286EB88F00A401F3 /* FinalProject2_Login */ = {
			isa = PBXNativeTarget;
			buildConfigurationList = 5ECFD688286EB89300A401F3 /* Build configuration list for PBXNativeTarget "FinalProject2_Login" */;
			buildPhases = (
				5ECFD65A286EB88F00A401F3 /* Sources */,
				5ECFD65B286EB88F00A401F3 /* Frameworks */,
				5ECFD65C286EB88F00A401F3 /* Resources */,
			);
			buildRules = (
			);
			dependencies = (
			);
			name = FinalProject2_Login;
			productName = FinalProject2_Login;
			productReference = 5ECFD65E286EB88F00A401F3 /* FinalProject2_Login.app */;
			productType = "com.apple.product-type.application";
		};
		5ECFD673286EB89200A401F3 /* FinalProject2_LoginTests */ = {
			isa = PBXNativeTarget;
			buildConfigurationList = 5ECFD68B286EB89300A401F3 /* Build configuration list for PBXNativeTarget "FinalProject2_LoginTests" */;
			buildPhases = (
				5ECFD670286EB89200A401F3 /* Sources */,
				5ECFD671286EB89200A401F3 /* Frameworks */,
				5ECFD672286EB89200A401F3 /* Resources */,
			);
			buildRules = (
			);
			dependencies = (
				5ECFD676286EB89200A401F3 /* PBXTargetDependency */,
			);
			name = FinalProject2_LoginTests;
			productName = FinalProject2_LoginTests;
			productReference = 5ECFD674286EB89200A401F3 /* FinalProject2_LoginTests.xctest */;
			productType = "com.apple.product-type.bundle.unit-test";
		};
		5ECFD67D286EB89300A401F3 /* FinalProject2_LoginUITests */ = {
			isa = PBXNativeTarget;
			buildConfigurationList = 5ECFD68E286EB89300A401F3 /* Build configuration list for PBXNativeTarget "FinalProject2_LoginUITests" */;
			buildPhases = (
				5ECFD67A286EB89300A401F3 /* Sources */,
				5ECFD67B286EB89300A401F3 /* Frameworks */,
				5ECFD67C286EB89300A401F3 /* Resources */,
			);
			buildRules = (
			);
			dependencies = (
				5ECFD680286EB89300A401F3 /* PBXTargetDependency */,
			);
			name = FinalProject2_LoginUITests;
			productName = FinalProject2_LoginUITests;
			productReference = 5ECFD67E286EB89300A401F3 /* FinalProject2_LoginUITests.xctest */;
			productType = "com.apple.product-type.bundle.ui-testing";
		};
/* End PBXNativeTarget section */

/* Begin PBXProject section */
		5ECFD656286EB88F00A401F3 /* Project object */ = {
			isa = PBXProject;
			attributes = {
				BuildIndependentTargetsInParallel = 1;
				LastSwiftUpdateCheck = 1340;
				LastUpgradeCheck = 1340;
				TargetAttributes = {
					5ECFD65D286EB88F00A401F3 = {
						CreatedOnToolsVersion = 13.4;
					};
					5ECFD673286EB89200A401F3 = {
						CreatedOnToolsVersion = 13.4;
						TestTargetID = 5ECFD65D286EB88F00A401F3;
					};
					5ECFD67D286EB89300A401F3 = {
						CreatedOnToolsVersion = 13.4;
						TestTargetID = 5ECFD65D286EB88F00A401F3;
					};
				};
			};
			buildConfigurationList = 5ECFD659286EB88F00A401F3 /* Build configuration list for PBXProject "FinalProject2_Login" */;
			compatibilityVersion = "Xcode 13.0";
			developmentRegion = en;
			hasScannedForEncodings = 0;
			knownRegions = (
				en,
				Base,
			);
			mainGroup = 5ECFD655286EB88F00A401F3;
			productRefGroup = 5ECFD65F286EB88F00A401F3 /* Products */;
			projectDirPath = "";
			projectRoot = "";
			targets = (
				5ECFD65D286EB88F00A401F3 /* FinalProject2_Login */,
				5ECFD673286EB89200A401F3 /* FinalProject2_LoginTests */,
				5ECFD67D286EB89300A401F3 /* FinalProject2_LoginUITests */,
			);
		};
/* End PBXProject section */

/* Begin PBXResourcesBuildPhase section */
		5ECFD65C286EB88F00A401F3 /* Resources */ = {
			isa = PBXResourcesBuildPhase;
			buildActionMask = 2147483647;
			files = (
				5ECFD66E286EB89200A401F3 /* LaunchScreen.storyboard in Resources */,
				5ECFD66B286EB89200A401F3 /* Assets.xcassets in Resources */,
				5ECFD669286EB88F00A401F3 /* Main.storyboard in Resources */,
			);
			runOnlyForDeploymentPostprocessing = 0;
		};
		5ECFD672286EB89200A401F3 /* Resources */ = {
			isa = PBXResourcesBuildPhase;
			buildActionMask = 2147483647;
			files = (
			);
			runOnlyForDeploymentPostprocessing = 0;
		};
		5ECFD67C286EB89300A401F3 /* Resources */ = {
			isa = PBXResourcesBuildPhase;
			buildActionMask = 2147483647;
			files = (
			);
			runOnlyForDeploymentPostprocessing = 0;
		};
/* End PBXResourcesBuildPhase section */

/* Begin PBXSourcesBuildPhase section */
		5ECFD65A286EB88F00A401F3 /* Sources */ = {
			isa = PBXSourcesBuildPhase;
			buildActionMask = 2147483647;
			files = (
				5ECFD666286EB88F00A401F3 /* ViewController.swift in Sources */,
				5ECFD662286EB88F00A401F3 /* AppDelegate.swift in Sources */,
				5ECFD664286EB88F00A401F3 /* SceneDelegate.swift in Sources */,
			);
			runOnlyForDeploymentPostprocessing = 0;
		};
		5ECFD670286EB89200A401F3 /* Sources */ = {
			isa = PBXSourcesBuildPhase;
			buildActionMask = 2147483647;
			files = (
				5ECFD679286EB89200A401F3 /* FinalProject2_LoginTests.swift in Sources */,
			);
			runOnlyForDeploymentPostprocessing = 0;
		};
		5ECFD67A286EB89300A401F3 /* Sources */ = {
			isa = PBXSourcesBuildPhase;
			buildActionMask = 2147483647;
			files = (
				5ECFD685286EB89300A401F3 /* FinalProject2_LoginUITestsLaunchTests.swift in Sources */,
				5ECFD683286EB89300A401F3 /* FinalProject2_LoginUITests.swift in Sources */,
			);
			runOnlyForDeploymentPostprocessing = 0;
		};
/* End PBXSourcesBuildPhase section */

/* Begin PBXTargetDependency section */
		5ECFD676286EB89200A401F3 /* PBXTargetDependency */ = {
			isa = PBXTargetDependency;
			target = 5ECFD65D286EB88F00A401F3 /* FinalProject2_Login */;
			targetProxy = 5ECFD675286EB89200A401F3 /* PBXContainerItemProxy */;
		};
		5ECFD680286EB89300A401F3 /* PBXTargetDependency */ = {
			isa = PBXTargetDependency;
			target = 5ECFD65D286EB88F00A401F3 /* FinalProject2_Login */;
			targetProxy = 5ECFD67F286EB89300A401F3 /* PBXContainerItemProxy */;
		};
/* End PBXTargetDependency section */

/* Begin PBXVariantGroup section */
		5ECFD667286EB88F00A401F3 /* Main.storyboard */ = {
			isa = PBXVariantGroup;
			children = (
				5ECFD668286EB88F00A401F3 /* Base */,
			);
			name = Main.storyboard;
			sourceTree = "<group>";
		};
		5ECFD66C286EB89200A401F3 /* LaunchScreen.storyboard */ = {
			isa = PBXVariantGroup;
			children = (
				5ECFD66D286EB89200A401F3 /* Base */,
			);
			name = LaunchScreen.storyboard;
			sourceTree = "<group>";
		};
/* End PBXVariantGroup section */

/* Begin XCBuildConfiguration section */
		5ECFD686286EB89300A401F3 /* Debug */ = {
			isa = XCBuildConfiguration;
			buildSettings = {
				ALWAYS_SEARCH_USER_PATHS = NO;
				CLANG_ANALYZER_NONNULL = YES;
				CLANG_ANALYZER_NUMBER_OBJECT_CONVERSION = YES_AGGRESSIVE;
				CLANG_CXX_LANGUAGE_STANDARD = "gnu++17";
				CLANG_ENABLE_MODULES = YES;
				CLANG_ENABLE_OBJC_ARC = YES;
				CLANG_ENABLE_OBJC_WEAK = YES;
				CLANG_WARN_BLOCK_CAPTURE_AUTORELEASING = YES;
				CLANG_WARN_BOOL_CONVERSION = YES;
				CLANG_WARN_COMMA = YES;
				CLANG_WARN_CONSTANT_CONVERSION = YES;
				CLANG_WARN_DEPRECATED_OBJC_IMPLEMENTATIONS = YES;
				CLANG_WARN_DIRECT_OBJC_ISA_USAGE = YES_ERROR;
				CLANG_WARN_DOCUMENTATION_COMMENTS = YES;
				CLANG_WARN_EMPTY_BODY = YES;
				CLANG_WARN_ENUM_CONVERSION = YES;
				CLANG_WARN_INFINITE_RECURSION = YES;
				CLANG_WARN_INT_CONVERSION = YES;
				CLANG_WARN_NON_LITERAL_NULL_CONVERSION = YES;
				CLANG_WARN_OBJC_IMPLICIT_RETAIN_SELF = YES;
				CLANG_WARN_OBJC_LITERAL_CONVERSION = YES;
				CLANG_WARN_OBJC_ROOT_CLASS = YES_ERROR;
				CLANG_WARN_QUOTED_INCLUDE_IN_FRAMEWORK_HEADER = YES;
				CLANG_WARN_RANGE_LOOP_ANALYSIS = YES;
				CLANG_WARN_STRICT_PROTOTYPES = YES;
				CLANG_WARN_SUSPICIOUS_MOVE = YES;
				CLANG_WARN_UNGUARDED_AVAILABILITY = YES_AGGRESSIVE;
				CLANG_WARN_UNREACHABLE_CODE = YES;
				CLANG_WARN__DUPLICATE_METHOD_MATCH = YES;
				COPY_PHASE_STRIP = NO;
				DEBUG_INFORMATION_FORMAT = dwarf;
				ENABLE_STRICT_OBJC_MSGSEND = YES;
				ENABLE_TESTABILITY = YES;
				GCC_C_LANGUAGE_STANDARD = gnu11;
				GCC_DYNAMIC_NO_PIC = NO;
				GCC_NO_COMMON_BLOCKS = YES;
				GCC_OPTIMIZATION_LEVEL = 0;
				GCC_PREPROCESSOR_DEFINITIONS = (
					"DEBUG=1",
					"$(inherited)",
				);
				GCC_WARN_64_TO_32_BIT_CONVERSION = YES;
				GCC_WARN_ABOUT_RETURN_TYPE = YES_ERROR;
				GCC_WARN_UNDECLARED_SELECTOR = YES;
				GCC_WARN_UNINITIALIZED_AUTOS = YES_AGGRESSIVE;
				GCC_WARN_UNUSED_FUNCTION = YES;
				GCC_WARN_UNUSED_VARIABLE = YES;
				IPHONEOS_DEPLOYMENT_TARGET = 15.5;
				MTL_ENABLE_DEBUG_INFO = INCLUDE_SOURCE;
				MTL_FAST_MATH = YES;
				ONLY_ACTIVE_ARCH = YES;
				SDKROOT = iphoneos;
				SWIFT_ACTIVE_COMPILATION_CONDITIONS = DEBUG;
				SWIFT_OPTIMIZATION_LEVEL = "-Onone";
			};
			name = Debug;
		};
		5ECFD687286EB89300A401F3 /* Release */ = {
			isa = XCBuildConfiguration;
			buildSettings = {
				ALWAYS_SEARCH_USER_PATHS = NO;
				CLANG_ANALYZER_NONNULL = YES;
				CLANG_ANALYZER_NUMBER_OBJECT_CONVERSION = YES_AGGRESSIVE;
				CLANG_CXX_LANGUAGE_STANDARD = "gnu++17";
				CLANG_ENABLE_MODULES = YES;
				CLANG_ENABLE_OBJC_ARC = YES;
				CLANG_ENABLE_OBJC_WEAK = YES;
				CLANG_WARN_BLOCK_CAPTURE_AUTORELEASING = YES;
				CLANG_WARN_BOOL_CONVERSION = YES;
				CLANG_WARN_COMMA = YES;
				CLANG_WARN_CONSTANT_CONVERSION = YES;
				CLANG_WARN_DEPRECATED_OBJC_IMPLEMENTATIONS = YES;
				CLANG_WARN_DIRECT_OBJC_ISA_USAGE = YES_ERROR;
				CLANG_WARN_DOCUMENTATION_COMMENTS = YES;
				CLANG_WARN_EMPTY_BODY = YES;
				CLANG_WARN_ENUM_CONVERSION = YES;
				CLANG_WARN_INFINITE_RECURSION = YES;
				CLANG_WARN_INT_CONVERSION = YES;
				CLANG_WARN_NON_LITERAL_NULL_CONVERSION = YES;
				CLANG_WARN_OBJC_IMPLICIT_RETAIN_SELF = YES;
				CLANG_WARN_OBJC_LITERAL_CONVERSION = YES;
				CLANG_WARN_OBJC_ROOT_CLASS = YES_ERROR;
				CLANG_WARN_QUOTED_INCLUDE_IN_FRAMEWORK_HEADER = YES;
				CLANG_WARN_RANGE_LOOP_ANALYSIS = YES;
				CLANG_WARN_STRICT_PROTOTYPES = YES;
				CLANG_WARN_SUSPICIOUS_MOVE = YES;
				CLANG_WARN_UNGUARDED_AVAILABILITY = YES_AGGRESSIVE;
				CLANG_WARN_UNREACHABLE_CODE = YES;
				CLANG_WARN__DUPLICATE_METHOD_MATCH = YES;
				COPY_PHASE_STRIP = NO;
				DEBUG_INFORMATION_FORMAT = "dwarf-with-dsym";
				ENABLE_NS_ASSERTIONS = NO;
				ENABLE_STRICT_OBJC_MSGSEND = YES;
				GCC_C_LANGUAGE_STANDARD = gnu11;
				GCC_NO_COMMON_BLOCKS = YES;
				GCC_WARN_64_TO_32_BIT_CONVERSION = YES;
				GCC_WARN_ABOUT_RETURN_TYPE = YES_ERROR;
				GCC_WARN_UNDECLARED_SELECTOR = YES;
				GCC_WARN_UNINITIALIZED_AUTOS = YES_AGGRESSIVE;
				GCC_WARN_UNUSED_FUNCTION = YES;
				GCC_WARN_UNUSED_VARIABLE = YES;
				IPHONEOS_DEPLOYMENT_TARGET = 15.5;
				MTL_ENABLE_DEBUG_INFO = NO;
				MTL_FAST_MATH = YES;
				SDKROOT = iphoneos;
				SWIFT_COMPILATION_MODE = wholemodule;
				SWIFT_OPTIMIZATION_LEVEL = "-O";
				VALIDATE_PRODUCT = YES;
			};
			name = Release;
		};
		5ECFD689286EB89300A401F3 /* Debug */ = {
			isa = XCBuildConfiguration;
			buildSettings = {
				ASSETCATALOG_COMPILER_APPICON_NAME = AppIcon;
				ASSETCATALOG_COMPILER_GLOBAL_ACCENT_COLOR_NAME = AccentColor;
				CODE_SIGN_STYLE = Automatic;
				CURRENT_PROJECT_VERSION = 1;
				GENERATE_INFOPLIST_FILE = YES;
				INFOPLIST_FILE = FinalProject2_Login/Info.plist;
				INFOPLIST_KEY_UIApplicationSupportsIndirectInputEvents = YES;
				INFOPLIST_KEY_UILaunchStoryboardName = LaunchScreen;
				INFOPLIST_KEY_UIMainStoryboardFile = Main;
				INFOPLIST_KEY_UISupportedInterfaceOrientations_iPad = "UIInterfaceOrientationPortrait UIInterfaceOrientationPortraitUpsideDown UIInterfaceOrientationLandscapeLeft UIInterfaceOrientationLandscapeRight";
				INFOPLIST_KEY_UISupportedInterfaceOrientations_iPhone = "UIInterfaceOrientationPortrait UIInterfaceOrientationLandscapeLeft UIInterfaceOrientationLandscapeRight";
				LD_RUNPATH_SEARCH_PATHS = (
					"$(inherited)",
					"@executable_path/Frameworks",
				);
				MARKETING_VERSION = 1.0;
				PRODUCT_BUNDLE_IDENTIFIER = "test.FinalProject2-Login";
				PRODUCT_NAME = "$(TARGET_NAME)";
				SWIFT_EMIT_LOC_STRINGS = YES;
				SWIFT_VERSION = 5.0;
				TARGETED_DEVICE_FAMILY = "1,2";
			};
			name = Debug;
		};
		5ECFD68A286EB89300A401F3 /* Release */ = {
			isa = XCBuildConfiguration;
			buildSettings = {
				ASSETCATALOG_COMPILER_APPICON_NAME = AppIcon;
				ASSETCATALOG_COMPILER_GLOBAL_ACCENT_COLOR_NAME = AccentColor;
				CODE_SIGN_STYLE = Automatic;
				CURRENT_PROJECT_VERSION = 1;
				GENERATE_INFOPLIST_FILE = YES;
				INFOPLIST_FILE = FinalProject2_Login/Info.plist;
				INFOPLIST_KEY_UIApplicationSupportsIndirectInputEvents = YES;
				INFOPLIST_KEY_UILaunchStoryboardName = LaunchScreen;
				INFOPLIST_KEY_UIMainStoryboardFile = Main;
				INFOPLIST_KEY_UISupportedInterfaceOrientations_iPad = "UIInterfaceOrientationPortrait UIInterfaceOrientationPortraitUpsideDown UIInterfaceOrientationLandscapeLeft UIInterfaceOrientationLandscapeRight";
				INFOPLIST_KEY_UISupportedInterfaceOrientations_iPhone = "UIInterfaceOrientationPortrait UIInterfaceOrientationLandscapeLeft UIInterfaceOrientationLandscapeRight";
				LD_RUNPATH_SEARCH_PATHS = (
					"$(inherited)",
					"@executable_path/Frameworks",
				);
				MARKETING_VERSION = 1.0;
				PRODUCT_BUNDLE_IDENTIFIER = "test.FinalProject2-Login";
				PRODUCT_NAME = "$(TARGET_NAME)";
				SWIFT_EMIT_LOC_STRINGS = YES;
				SWIFT_VERSION = 5.0;
				TARGETED_DEVICE_FAMILY = "1,2";
			};
			name = Release;
		};
		5ECFD68C286EB89300A401F3 /* Debug */ = {
			isa = XCBuildConfiguration;
			buildSettings = {
				ALWAYS_EMBED_SWIFT_STANDARD_LIBRARIES = YES;
				BUNDLE_LOADER = "$(TEST_HOST)";
				CODE_SIGN_STYLE = Automatic;
				CURRENT_PROJECT_VERSION = 1;
				GENERATE_INFOPLIST_FILE = YES;
				IPHONEOS_DEPLOYMENT_TARGET = 15.5;
				MARKETING_VERSION = 1.0;
				PRODUCT_BUNDLE_IDENTIFIER = "test.FinalProject2-LoginTests";
				PRODUCT_NAME = "$(TARGET_NAME)";
				SWIFT_EMIT_LOC_STRINGS = NO;
				SWIFT_VERSION = 5.0;
				TARGETED_DEVICE_FAMILY = "1,2";
				TEST_HOST = "$(BUILT_PRODUCTS_DIR)/FinalProject2_Login.app/FinalProject2_Login";
			};
			name = Debug;
		};
		5ECFD68D286EB89300A401F3 /* Release */ = {
			isa = XCBuildConfiguration;
			buildSettings = {
				ALWAYS_EMBED_SWIFT_STANDARD_LIBRARIES = YES;
				BUNDLE_LOADER = "$(TEST_HOST)";
				CODE_SIGN_STYLE = Automatic;
				CURRENT_PROJECT_VERSION = 1;
				GENERATE_INFOPLIST_FILE = YES;
				IPHONEOS_DEPLOYMENT_TARGET = 15.5;
				MARKETING_VERSION = 1.0;
				PRODUCT_BUNDLE_IDENTIFIER = "test.FinalProject2-LoginTests";
				PRODUCT_NAME = "$(TARGET_NAME)";
				SWIFT_EMIT_LOC_STRINGS = NO;
				SWIFT_VERSION = 5.0;
				TARGETED_DEVICE_FAMILY = "1,2";
				TEST_HOST = "$(BUILT_PRODUCTS_DIR)/FinalProject2_Login.app/FinalProject2_Login";
			};
			name = Release;
		};
		5ECFD68F286EB89300A401F3 /* Debug */ = {
			isa = XCBuildConfiguration;
			buildSettings = {
				ALWAYS_EMBED_SWIFT_STANDARD_LIBRARIES = YES;
				CODE_SIGN_STYLE = Automatic;
				CURRENT_PROJECT_VERSION = 1;
				GENERATE_INFOPLIST_FILE = YES;
				MARKETING_VERSION = 1.0;
				PRODUCT_BUNDLE_IDENTIFIER = "test.FinalProject2-LoginUITests";
				PRODUCT_NAME = "$(TARGET_NAME)";
				SWIFT_EMIT_LOC_STRINGS = NO;
				SWIFT_VERSION = 5.0;
				TARGETED_DEVICE_FAMILY = "1,2";
				TEST_TARGET_NAME = FinalProject2_Login;
			};
			name = Debug;
		};
		5ECFD690286EB89300A401F3 /* Release */ = {
			isa = XCBuildConfiguration;
			buildSettings = {
				ALWAYS_EMBED_SWIFT_STANDARD_LIBRARIES = YES;
				CODE_SIGN_STYLE = Automatic;
				CURRENT_PROJECT_VERSION = 1;
				GENERATE_INFOPLIST_FILE = YES;
				MARKETING_VERSION = 1.0;
				PRODUCT_BUNDLE_IDENTIFIER = "test.FinalProject2-LoginUITests";
				PRODUCT_NAME = "$(TARGET_NAME)";
				SWIFT_EMIT_LOC_STRINGS = NO;
				SWIFT_VERSION = 5.0;
				TARGETED_DEVICE_FAMILY = "1,2";
				TEST_TARGET_NAME = FinalProject2_Login;
			};
			name = Release;
		};
/* End XCBuildConfiguration section */

/* Begin XCConfigurationList section */
		5ECFD659286EB88F00A401F3 /* Build configuration list for PBXProject "FinalProject2_Login" */ = {
			isa = XCConfigurationList;
			buildConfigurations = (
				5ECFD686286EB89300A401F3 /* Debug */,
				5ECFD687286EB89300A401F3 /* Release */,
			);
			defaultConfigurationIsVisible = 0;
			defaultConfigurationName = Release;
		};
		5ECFD688286EB89300A401F3 /* Build configuration list for PBXNativeTarget "FinalProject2_Login" */ = {
			isa = XCConfigurationList;
			buildConfigurations = (
				5ECFD689286EB89300A401F3 /* Debug */,
				5ECFD68A286EB89300A401F3 /* Release */,
			);
			defaultConfigurationIsVisible = 0;
			defaultConfigurationName = Release;
		};
		5ECFD68B286EB89300A401F3 /* Build configuration list for PBXNativeTarget "FinalProject2_LoginTests" */ = {
			isa = XCConfigurationList;
			buildConfigurations = (
				5ECFD68C286EB89300A401F3 /* Debug */,
				5ECFD68D286EB89300A401F3 /* Release */,
			);
			defaultConfigurationIsVisible = 0;
			defaultConfigurationName = Release;
		};
		5ECFD68E286EB89300A401F3 /* Build configuration list for PBXNativeTarget "FinalProject2_LoginUITests" */ = {
			isa = XCConfigurationList;
			buildConfigurations = (
				5ECFD68F286EB89300A401F3 /* Debug */,
				5ECFD690286EB89300A401F3 /* Release */,
			);
			defaultConfigurationIsVisible = 0;
			defaultConfigurationName = Release;
		};
/* End XCConfigurationList section */
	};
	rootObject = 5ECFD656286EB88F00A401F3 /* Project object */;
}
